
Microsoft Visual Studio Solution File, Format Version 12.00
# Visual Studio 15
VisualStudioVersion = 15.0.28307.421
MinimumVisualStudioVersion = 10.0.40219.1
Project("{2150E333-8FDC-42A3-9474-1A3956D46DE8}") = "App", "App", "{674D380A-3E03-4376-9C8F-56E7C180850D}"
EndProject
Project("{9A19103F-16F7-4668-BE54-9A1E7A4F7556}") = "Britehouse.App", "Britehouse.App\Britehouse.App.csproj", "{07C27110-F4DF-4D76-A38F-A823C554C940}"
EndProject
Global
	GlobalSection(SolutionConfigurationPlatforms) = preSolution
		Debug|Any CPU = Debug|Any CPU
		Release|Any CPU = Release|Any CPU
	EndGlobalSection
	GlobalSection(ProjectConfigurationPlatforms) = postSolution
		{07C27110-F4DF-4D76-A38F-A823C554C940}.Debug|Any CPU.ActiveCfg = Debug|Any CPU
		{07C27110-F4DF-4D76-A38F-A823C554C940}.Debug|Any CPU.Build.0 = Debug|Any CPU
		{07C27110-F4DF-4D76-A38F-A823C554C940}.Release|Any CPU.ActiveCfg = Release|Any CPU
		{07C27110-F4DF-4D76-A38F-A823C554C940}.Release|Any CPU.Build.0 = Release|Any CPU
	EndGlobalSection
	GlobalSection(SolutionProperties) = preSolution
		HideSolutionNode = FALSE
	EndGlobalSection
	GlobalSection(NestedProjects) = preSolution
		{07C27110-F4DF-4D76-A38F-A823C554C940} = {674D380A-3E03-4376-9C8F-56E7C180850D}
	EndGlobalSection
	GlobalSection(ExtensibilityGlobals) = postSolution
		SolutionGuid = {D80298DA-E78E-4E14-8733-0A67D3B2E5DE}
	EndGlobalSection
EndGlobal
